// !$*UTF8*$!
{
	archiveVersion = 1;
	classes = {
	};
	objectVersion = 50;
	objects = {

/* Begin PBXBuildFile section */
		6628DCBB2472F16D006D2602 /* AppDelegate.swift in Sources */ = {isa = PBXBuildFile; fileRef = 6628DCBA2472F16D006D2602 /* AppDelegate.swift */; };
		6628DCBD2472F16D006D2602 /* SceneDelegate.swift in Sources */ = {isa = PBXBuildFile; fileRef = 6628DCBC2472F16D006D2602 /* SceneDelegate.swift */; };
		6628DCBF2472F16D006D2602 /* ViewController.swift in Sources */ = {isa = PBXBuildFile; fileRef = 6628DCBE2472F16D006D2602 /* ViewController.swift */; };
		6628DCC22472F16D006D2602 /* Main.storyboard in Resources */ = {isa = PBXBuildFile; fileRef = 6628DCC02472F16D006D2602 /* Main.storyboard */; };
		6628DCC42472F16F006D2602 /* Assets.xcassets in Resources */ = {isa = PBXBuildFile; fileRef = 6628DCC32472F16F006D2602 /* Assets.xcassets */; };
		6628DCC72472F16F006D2602 /* LaunchScreen.storyboard in Resources */ = {isa = PBXBuildFile; fileRef = 6628DCC52472F16F006D2602 /* LaunchScreen.storyboard */; };
		6628DCD22472F16F006D2602 /* iOS_swift_tutorialTests.swift in Sources */ = {isa = PBXBuildFile; fileRef = 6628DCD12472F16F006D2602 /* iOS_swift_tutorialTests.swift */; };
		6628DCDD2472F16F006D2602 /* iOS_swift_tutorialUITests.swift in Sources */ = {isa = PBXBuildFile; fileRef = 6628DCDC2472F16F006D2602 /* iOS_swift_tutorialUITests.swift */; };
/* End PBXBuildFile section */

/* Begin PBXContainerItemProxy section */
		6628DCCE2472F16F006D2602 /* PBXContainerItemProxy */ = {
			isa = PBXContainerItemProxy;
			containerPortal = 6628DCAF2472F16D006D2602 /* Project object */;
			proxyType = 1;
			remoteGlobalIDString = 6628DCB62472F16D006D2602;
			remoteInfo = "iOS-swift-tutorial";
		};
		6628DCD92472F16F006D2602 /* PBXContainerItemProxy */ = {
			isa = PBXContainerItemProxy;
			containerPortal = 6628DCAF2472F16D006D2602 /* Project object */;
			proxyType = 1;
			remoteGlobalIDString = 6628DCB62472F16D006D2602;
			remoteInfo = "iOS-swift-tutorial";
		};
/* End PBXContainerItemProxy section */

/* Begin PBXFileReference section */
		6628DCB72472F16D006D2602 /* iOS-swift-tutorial.app */ = {isa = PBXFileReference; explicitFileType = wrapper.application; includeInIndex = 0; path = "iOS-swift-tutorial.app"; sourceTree = BUILT_PRODUCTS_DIR; };
		6628DCBA2472F16D006D2602 /* AppDelegate.swift */ = {isa = PBXFileReference; lastKnownFileType = sourcecode.swift; path = AppDelegate.swift; sourceTree = "<group>"; };
		6628DCBC2472F16D006D2602 /* SceneDelegate.swift */ = {isa = PBXFileReference; lastKnownFileType = sourcecode.swift; path = SceneDelegate.swift; sourceTree = "<group>"; };
		6628DCBE2472F16D006D2602 /* ViewController.swift */ = {isa = PBXFileReference; lastKnownFileType = sourcecode.swift; path = ViewController.swift; sourceTree = "<group>"; };
		6628DCC12472F16D006D2602 /* Base */ = {isa = PBXFileReference; lastKnownFileType = file.storyboard; name = Base; path = Base.lproj/Main.storyboard; sourceTree = "<group>"; };
		6628DCC32472F16F006D2602 /* Assets.xcassets */ = {isa = PBXFileReference; lastKnownFileType = folder.assetcatalog; path = Assets.xcassets; sourceTree = "<group>"; };
		6628DCC62472F16F006D2602 /* Base */ = {isa = PBXFileReference; lastKnownFileType = file.storyboard; name = Base; path = Base.lproj/LaunchScreen.storyboard; sourceTree = "<group>"; };
		6628DCC82472F16F006D2602 /* Info.plist */ = {isa = PBXFileReference; lastKnownFileType = text.plist.xml; path = Info.plist; sourceTree = "<group>"; };
		6628DCCD2472F16F006D2602 /* iOS-swift-tutorialTests.xctest */ = {isa = PBXFileReference; explicitFileType = wrapper.cfbundle; includeInIndex = 0; path = "iOS-swift-tutorialTests.xctest"; sourceTree = BUILT_PRODUCTS_DIR; };
		6628DCD12472F16F006D2602 /* iOS_swift_tutorialTests.swift */ = {isa = PBXFileReference; lastKnownFileType = sourcecode.swift; path = iOS_swift_tutorialTests.swift; sourceTree = "<group>"; };
		6628DCD32472F16F006D2602 /* Info.plist */ = {isa = PBXFileReference; lastKnownFileType = text.plist.xml; path = Info.plist; sourceTree = "<group>"; };
		6628DCD82472F16F006D2602 /* iOS-swift-tutorialUITests.xctest */ = {isa = PBXFileReference; explicitFileType = wrapper.cfbundle; includeInIndex = 0; path = "iOS-swift-tutorialUITests.xctest"; sourceTree = BUILT_PRODUCTS_DIR; };
		6628DCDC2472F16F006D2602 /* iOS_swift_tutorialUITests.swift */ = {isa = PBXFileReference; lastKnownFileType = sourcecode.swift; path = iOS_swift_tutorialUITests.swift; sourceTree = "<group>"; };
		6628DCDE2472F16F006D2602 /* Info.plist */ = {isa = PBXFileReference; lastKnownFileType = text.plist.xml; path = Info.plist; sourceTree = "<group>"; };
/* End PBXFileReference section */

/* Begin PBXFrameworksBuildPhase section */
		6628DCB42472F16D006D2602 /* Frameworks */ = {
			isa = PBXFrameworksBuildPhase;
			buildActionMask = 2147483647;
			files = (
			);
			runOnlyForDeploymentPostprocessing = 0;
		};
		6628DCCA2472F16F006D2602 /* Frameworks */ = {
			isa = PBXFrameworksBuildPhase;
			buildActionMask = 2147483647;
			files = (
			);
			runOnlyForDeploymentPostprocessing = 0;
		};
		6628DCD52472F16F006D2602 /* Frameworks */ = {
			isa = PBXFrameworksBuildPhase;
			buildActionMask = 2147483647;
			files = (
			);
			runOnlyForDeploymentPostprocessing = 0;
		};
/* End PBXFrameworksBuildPhase section */

/* Begin PBXGroup section */
		6628DCAE2472F16D006D2602 = {
			isa = PBXGroup;
			children = (
				6628DCB92472F16D006D2602 /* iOS-swift-tutorial */,
				6628DCD02472F16F006D2602 /* iOS-swift-tutorialTests */,
				6628DCDB2472F16F006D2602 /* iOS-swift-tutorialUITests */,
				6628DCB82472F16D006D2602 /* Products */,
			);
			sourceTree = "<group>";
		};
		6628DCB82472F16D006D2602 /* Products */ = {
			isa = PBXGroup;
			children = (
				6628DCB72472F16D006D2602 /* iOS-swift-tutorial.app */,
				6628DCCD2472F16F006D2602 /* iOS-swift-tutorialTests.xctest */,
				6628DCD82472F16F006D2602 /* iOS-swift-tutorialUITests.xctest */,
			);
			name = Products;
			sourceTree = "<group>";
		};
		6628DCB92472F16D006D2602 /* iOS-swift-tutorial */ = {
			isa = PBXGroup;
			children = (
				6628DCBA2472F16D006D2602 /* AppDelegate.swift */,
				6628DCBC2472F16D006D2602 /* SceneDelegate.swift */,
				6628DCBE2472F16D006D2602 /* ViewController.swift */,
				6628DCC02472F16D006D2602 /* Main.storyboard */,
				6628DCC32472F16F006D2602 /* Assets.xcassets */,
				6628DCC52472F16F006D2602 /* LaunchScreen.storyboard */,
				6628DCC82472F16F006D2602 /* Info.plist */,
			);
			path = "iOS-swift-tutorial";
			sourceTree = "<group>";
		};
		6628DCD02472F16F006D2602 /* iOS-swift-tutorialTests */ = {
			isa = PBXGroup;
			children = (
				6628DCD12472F16F006D2602 /* iOS_swift_tutorialTests.swift */,
				6628DCD32472F16F006D2602 /* Info.plist */,
			);
			path = "iOS-swift-tutorialTests";
			sourceTree = "<group>";
		};
		6628DCDB2472F16F006D2602 /* iOS-swift-tutorialUITests */ = {
			isa = PBXGroup;
			children = (
				6628DCDC2472F16F006D2602 /* iOS_swift_tutorialUITests.swift */,
				6628DCDE2472F16F006D2602 /* Info.plist */,
			);
			path = "iOS-swift-tutorialUITests";
			sourceTree = "<group>";
		};
/* End PBXGroup section */

/* Begin PBXNativeTarget section */
		6628DCB62472F16D006D2602 /* iOS-swift-tutorial */ = {
			isa = PBXNativeTarget;
			buildConfigurationList = 6628DCE12472F16F006D2602 /* Build configuration list for PBXNativeTarget "iOS-swift-tutorial" */;
			buildPhases = (
				6628DCB32472F16D006D2602 /* Sources */,
				6628DCB42472F16D006D2602 /* Frameworks */,
				6628DCB52472F16D006D2602 /* Resources */,
			);
			buildRules = (
			);
			dependencies = (
			);
			name = "iOS-swift-tutorial";
			productName = "iOS-swift-tutorial";
			productReference = 6628DCB72472F16D006D2602 /* iOS-swift-tutorial.app */;
			productType = "com.apple.product-type.application";
		};
		6628DCCC2472F16F006D2602 /* iOS-swift-tutorialTests */ = {
			isa = PBXNativeTarget;
			buildConfigurationList = 6628DCE42472F16F006D2602 /* Build configuration list for PBXNativeTarget "iOS-swift-tutorialTests" */;
			buildPhases = (
				6628DCC92472F16F006D2602 /* Sources */,
				6628DCCA2472F16F006D2602 /* Frameworks */,
				6628DCCB2472F16F006D2602 /* Resources */,
			);
			buildRules = (
			);
			dependencies = (
				6628DCCF2472F16F006D2602 /* PBXTargetDependency */,
			);
			name = "iOS-swift-tutorialTests";
			productName = "iOS-swift-tutorialTests";
			productReference = 6628DCCD2472F16F006D2602 /* iOS-swift-tutorialTests.xctest */;
			productType = "com.apple.product-type.bundle.unit-test";
		};
		6628DCD72472F16F006D2602 /* iOS-swift-tutorialUITests */ = {
			isa = PBXNativeTarget;
			buildConfigurationList = 6628DCE72472F16F006D2602 /* Build configuration list for PBXNativeTarget "iOS-swift-tutorialUITests" */;
			buildPhases = (
				6628DCD42472F16F006D2602 /* Sources */,
				6628DCD52472F16F006D2602 /* Frameworks */,
				6628DCD62472F16F006D2602 /* Resources */,
			);
			buildRules = (
			);
			dependencies = (
				6628DCDA2472F16F006D2602 /* PBXTargetDependency */,
			);
			name = "iOS-swift-tutorialUITests";
			productName = "iOS-swift-tutorialUITests";
			productReference = 6628DCD82472F16F006D2602 /* iOS-swift-tutorialUITests.xctest */;
			productType = "com.apple.product-type.bundle.ui-testing";
		};
/* End PBXNativeTarget section */

/* Begin PBXProject section */
		6628DCAF2472F16D006D2602 /* Project object */ = {
			isa = PBXProject;
			attributes = {
				LastSwiftUpdateCheck = 1140;
				LastUpgradeCheck = 1140;
				ORGANIZATIONNAME = pz;
				TargetAttributes = {
					6628DCB62472F16D006D2602 = {
						CreatedOnToolsVersion = 11.4;
					};
					6628DCCC2472F16F006D2602 = {
						CreatedOnToolsVersion = 11.4;
						TestTargetID = 6628DCB62472F16D006D2602;
					};
					6628DCD72472F16F006D2602 = {
						CreatedOnToolsVersion = 11.4;
						TestTargetID = 6628DCB62472F16D006D2602;
					};
				};
			};
			buildConfigurationList = 6628DCB22472F16D006D2602 /* Build configuration list for PBXProject "iOS-swift-tutorial" */;
			compatibilityVersion = "Xcode 9.3";
			developmentRegion = en;
			hasScannedForEncodings = 0;
			knownRegions = (
				en,
				Base,
			);
			mainGroup = 6628DCAE2472F16D006D2602;
			productRefGroup = 6628DCB82472F16D006D2602 /* Products */;
			projectDirPath = "";
			projectRoot = "";
			targets = (
				6628DCB62472F16D006D2602 /* iOS-swift-tutorial */,
				6628DCCC2472F16F006D2602 /* iOS-swift-tutorialTests */,
				6628DCD72472F16F006D2602 /* iOS-swift-tutorialUITests */,
			);
		};
/* End PBXProject section */

/* Begin PBXResourcesBuildPhase section */
		6628DCB52472F16D006D2602 /* Resources */ = {
			isa = PBXResourcesBuildPhase;
			buildActionMask = 2147483647;
			files = (
				6628DCC72472F16F006D2602 /* LaunchScreen.storyboard in Resources */,
				6628DCC42472F16F006D2602 /* Assets.xcassets in Resources */,
				6628DCC22472F16D006D2602 /* Main.storyboard in Resources */,
			);
			runOnlyForDeploymentPostprocessing = 0;
		};
		6628DCCB2472F16F006D2602 /* Resources */ = {
			isa = PBXResourcesBuildPhase;
			buildActionMask = 2147483647;
			files = (
			);
			runOnlyForDeploymentPostprocessing = 0;
		};
		6628DCD62472F16F006D2602 /* Resources */ = {
			isa = PBXResourcesBuildPhase;
			buildActionMask = 2147483647;
			files = (
			);
			runOnlyForDeploymentPostprocessing = 0;
		};
/* End PBXResourcesBuildPhase section */

/* Begin PBXSourcesBuildPhase section */
		6628DCB32472F16D006D2602 /* Sources */ = {
			isa = PBXSourcesBuildPhase;
			buildActionMask = 2147483647;
			files = (
				6628DCBF2472F16D006D2602 /* ViewController.swift in Sources */,
				6628DCBB2472F16D006D2602 /* AppDelegate.swift in Sources */,
				6628DCBD2472F16D006D2602 /* SceneDelegate.swift in Sources */,
			);
			runOnlyForDeploymentPostprocessing = 0;
		};
		6628DCC92472F16F006D2602 /* Sources */ = {
			isa = PBXSourcesBuildPhase;
			buildActionMask = 2147483647;
			files = (
				6628DCD22472F16F006D2602 /* iOS_swift_tutorialTests.swift in Sources */,
			);
			runOnlyForDeploymentPostprocessing = 0;
		};
		6628DCD42472F16F006D2602 /* Sources */ = {
			isa = PBXSourcesBuildPhase;
			buildActionMask = 2147483647;
			files = (
				6628DCDD2472F16F006D2602 /* iOS_swift_tutorialUITests.swift in Sources */,
			);
			runOnlyForDeploymentPostprocessing = 0;
		};
/* End PBXSourcesBuildPhase section */

/* Begin PBXTargetDependency section */
		6628DCCF2472F16F006D2602 /* PBXTargetDependency */ = {
			isa = PBXTargetDependency;
			target = 6628DCB62472F16D006D2602 /* iOS-swift-tutorial */;
			targetProxy = 6628DCCE2472F16F006D2602 /* PBXContainerItemProxy */;
		};
		6628DCDA2472F16F006D2602 /* PBXTargetDependency */ = {
			isa = PBXTargetDependency;
			target = 6628DCB62472F16D006D2602 /* iOS-swift-tutorial */;
			targetProxy = 6628DCD92472F16F006D2602 /* PBXContainerItemProxy */;
		};
/* End PBXTargetDependency section */

/* Begin PBXVariantGroup section */
		6628DCC02472F16D006D2602 /* Main.storyboard */ = {
			isa = PBXVariantGroup;
			children = (
				6628DCC12472F16D006D2602 /* Base */,
			);
			name = Main.storyboard;
			sourceTree = "<group>";
		};
		6628DCC52472F16F006D2602 /* LaunchScreen.storyboard */ = {
			isa = PBXVariantGroup;
			children = (
				6628DCC62472F16F006D2602 /* Base */,
			);
			name = LaunchScreen.storyboard;
			sourceTree = "<group>";
		};
/* End PBXVariantGroup section */

/* Begin XCBuildConfiguration section */
		6628DCDF2472F16F006D2602 /* Debug */ = {
			isa = XCBuildConfiguration;
			buildSettings = {
				ALWAYS_SEARCH_USER_PATHS = NO;
				CLANG_ANALYZER_NONNULL = YES;
				CLANG_ANALYZER_NUMBER_OBJECT_CONVERSION = YES_AGGRESSIVE;
				CLANG_CXX_LANGUAGE_STANDARD = "gnu++14";
				CLANG_CXX_LIBRARY = "libc++";
				CLANG_ENABLE_MODULES = YES;
				CLANG_ENABLE_OBJC_ARC = YES;
				CLANG_ENABLE_OBJC_WEAK = YES;
				CLANG_WARN_BLOCK_CAPTURE_AUTORELEASING = YES;
				CLANG_WARN_BOOL_CONVERSION = YES;
				CLANG_WARN_COMMA = YES;
				CLANG_WARN_CONSTANT_CONVERSION = YES;
				CLANG_WARN_DEPRECATED_OBJC_IMPLEMENTATIONS = YES;
				CLANG_WARN_DIRECT_OBJC_ISA_USAGE = YES_ERROR;
				CLANG_WARN_DOCUMENTATION_COMMENTS = YES;
				CLANG_WARN_EMPTY_BODY = YES;
				CLANG_WARN_ENUM_CONVERSION = YES;
				CLANG_WARN_INFINITE_RECURSION = YES;
				CLANG_WARN_INT_CONVERSION = YES;
				CLANG_WARN_NON_LITERAL_NULL_CONVERSION = YES;
				CLANG_WARN_OBJC_IMPLICIT_RETAIN_SELF = YES;
				CLANG_WARN_OBJC_LITERAL_CONVERSION = YES;
				CLANG_WARN_OBJC_ROOT_CLASS = YES_ERROR;
				CLANG_WARN_RANGE_LOOP_ANALYSIS = YES;
				CLANG_WARN_STRICT_PROTOTYPES = YES;
				CLANG_WARN_SUSPICIOUS_MOVE = YES;
				CLANG_WARN_UNGUARDED_AVAILABILITY = YES_AGGRESSIVE;
				CLANG_WARN_UNREACHABLE_CODE = YES;
				CLANG_WARN__DUPLICATE_METHOD_MATCH = YES;
				COPY_PHASE_STRIP = NO;
				DEBUG_INFORMATION_FORMAT = dwarf;
				ENABLE_STRICT_OBJC_MSGSEND = YES;
				ENABLE_TESTABILITY = YES;
				GCC_C_LANGUAGE_STANDARD = gnu11;
				GCC_DYNAMIC_NO_PIC = NO;
				GCC_NO_COMMON_BLOCKS = YES;
				GCC_OPTIMIZATION_LEVEL = 0;
				GCC_PREPROCESSOR_DEFINITIONS = (
					"DEBUG=1",
					"$(inherited)",
				);
				GCC_WARN_64_TO_32_BIT_CONVERSION = YES;
				GCC_WARN_ABOUT_RETURN_TYPE = YES_ERROR;
				GCC_WARN_UNDECLARED_SELECTOR = YES;
				GCC_WARN_UNINITIALIZED_AUTOS = YES_AGGRESSIVE;
				GCC_WARN_UNUSED_FUNCTION = YES;
				GCC_WARN_UNUSED_VARIABLE = YES;
				IPHONEOS_DEPLOYMENT_TARGET = 13.4;
				MTL_ENABLE_DEBUG_INFO = INCLUDE_SOURCE;
				MTL_FAST_MATH = YES;
				ONLY_ACTIVE_ARCH = YES;
				SDKROOT = iphoneos;
				SWIFT_ACTIVE_COMPILATION_CONDITIONS = DEBUG;
				SWIFT_OPTIMIZATION_LEVEL = "-Onone";
			};
			name = Debug;
		};
		6628DCE02472F16F006D2602 /* Release */ = {
			isa = XCBuildConfiguration;
			buildSettings = {
				ALWAYS_SEARCH_USER_PATHS = NO;
				CLANG_ANALYZER_NONNULL = YES;
				CLANG_ANALYZER_NUMBER_OBJECT_CONVERSION = YES_AGGRESSIVE;
				CLANG_CXX_LANGUAGE_STANDARD = "gnu++14";
				CLANG_CXX_LIBRARY = "libc++";
				CLANG_ENABLE_MODULES = YES;
				CLANG_ENABLE_OBJC_ARC = YES;
				CLANG_ENABLE_OBJC_WEAK = YES;
				CLANG_WARN_BLOCK_CAPTURE_AUTORELEASING = YES;
				CLANG_WARN_BOOL_CONVERSION = YES;
				CLANG_WARN_COMMA = YES;
				CLANG_WARN_CONSTANT_CONVERSION = YES;
				CLANG_WARN_DEPRECATED_OBJC_IMPLEMENTATIONS = YES;
				CLANG_WARN_DIRECT_OBJC_ISA_USAGE = YES_ERROR;
				CLANG_WARN_DOCUMENTATION_COMMENTS = YES;
				CLANG_WARN_EMPTY_BODY = YES;
				CLANG_WARN_ENUM_CONVERSION = YES;
				CLANG_WARN_INFINITE_RECURSION = YES;
				CLANG_WARN_INT_CONVERSION = YES;
				CLANG_WARN_NON_LITERAL_NULL_CONVERSION = YES;
				CLANG_WARN_OBJC_IMPLICIT_RETAIN_SELF = YES;
				CLANG_WARN_OBJC_LITERAL_CONVERSION = YES;
				CLANG_WARN_OBJC_ROOT_CLASS = YES_ERROR;
				CLANG_WARN_RANGE_LOOP_ANALYSIS = YES;
				CLANG_WARN_STRICT_PROTOTYPES = YES;
				CLANG_WARN_SUSPICIOUS_MOVE = YES;
				CLANG_WARN_UNGUARDED_AVAILABILITY = YES_AGGRESSIVE;
				CLANG_WARN_UNREACHABLE_CODE = YES;
				CLANG_WARN__DUPLICATE_METHOD_MATCH = YES;
				COPY_PHASE_STRIP = NO;
				DEBUG_INFORMATION_FORMAT = "dwarf-with-dsym";
				ENABLE_NS_ASSERTIONS = NO;
				ENABLE_STRICT_OBJC_MSGSEND = YES;
				GCC_C_LANGUAGE_STANDARD = gnu11;
				GCC_NO_COMMON_BLOCKS = YES;
				GCC_WARN_64_TO_32_BIT_CONVERSION = YES;
				GCC_WARN_ABOUT_RETURN_TYPE = YES_ERROR;
				GCC_WARN_UNDECLARED_SELECTOR = YES;
				GCC_WARN_UNINITIALIZED_AUTOS = YES_AGGRESSIVE;
				GCC_WARN_UNUSED_FUNCTION = YES;
				GCC_WARN_UNUSED_VARIABLE = YES;
				IPHONEOS_DEPLOYMENT_TARGET = 13.4;
				MTL_ENABLE_DEBUG_INFO = NO;
				MTL_FAST_MATH = YES;
				SDKROOT = iphoneos;
				SWIFT_COMPILATION_MODE = wholemodule;
				SWIFT_OPTIMIZATION_LEVEL = "-O";
				VALIDATE_PRODUCT = YES;
			};
			name = Release;
		};
		6628DCE22472F16F006D2602 /* Debug */ = {
			isa = XCBuildConfiguration;
			buildSettings = {
				ASSETCATALOG_COMPILER_APPICON_NAME = AppIcon;
				CODE_SIGN_STYLE = Automatic;
				INFOPLIST_FILE = "iOS-swift-tutorial/Info.plist";
				LD_RUNPATH_SEARCH_PATHS = (
					"$(inherited)",
					"@executable_path/Frameworks",
				);
				PRODUCT_BUNDLE_IDENTIFIER = "com.pz.swift.tutorial.iOS-swift-tutorial";
				PRODUCT_NAME = "$(TARGET_NAME)";
				SWIFT_VERSION = 5.0;
				TARGETED_DEVICE_FAMILY = "1,2";
			};
			name = Debug;
		};
		6628DCE32472F16F006D2602 /* Release */ = {
			isa = XCBuildConfiguration;
			buildSettings = {
				ASSETCATALOG_COMPILER_APPICON_NAME = AppIcon;
				CODE_SIGN_STYLE = Automatic;
				INFOPLIST_FILE = "iOS-swift-tutorial/Info.plist";
				LD_RUNPATH_SEARCH_PATHS = (
					"$(inherited)",
					"@executable_path/Frameworks",
				);
				PRODUCT_BUNDLE_IDENTIFIER = "com.pz.swift.tutorial.iOS-swift-tutorial";
				PRODUCT_NAME = "$(TARGET_NAME)";
				SWIFT_VERSION = 5.0;
				TARGETED_DEVICE_FAMILY = "1,2";
			};
			name = Release;
		};
		6628DCE52472F16F006D2602 /* Debug */ = {
			isa = XCBuildConfiguration;
			buildSettings = {
				ALWAYS_EMBED_SWIFT_STANDARD_LIBRARIES = YES;
				BUNDLE_LOADER = "$(TEST_HOST)";
				CODE_SIGN_STYLE = Automatic;
				INFOPLIST_FILE = "iOS-swift-tutorialTests/Info.plist";
				IPHONEOS_DEPLOYMENT_TARGET = 13.4;
				LD_RUNPATH_SEARCH_PATHS = (
					"$(inherited)",
					"@executable_path/Frameworks",
					"@loader_path/Frameworks",
				);
				PRODUCT_BUNDLE_IDENTIFIER = "com.pz.swift.tutorial.iOS-swift-tutorialTests";
				PRODUCT_NAME = "$(TARGET_NAME)";
				SWIFT_VERSION = 5.0;
				TARGETED_DEVICE_FAMILY = "1,2";
				TEST_HOST = "$(BUILT_PRODUCTS_DIR)/iOS-swift-tutorial.app/iOS-swift-tutorial";
			};
			name = Debug;
		};
		6628DCE62472F16F006D2602 /* Release */ = {
			isa = XCBuildConfiguration;
			buildSettings = {
				ALWAYS_EMBED_SWIFT_STANDARD_LIBRARIES = YES;
				BUNDLE_LOADER = "$(TEST_HOST)";
				CODE_SIGN_STYLE = Automatic;
				INFOPLIST_FILE = "iOS-swift-tutorialTests/Info.plist";
				IPHONEOS_DEPLOYMENT_TARGET = 13.4;
				LD_RUNPATH_SEARCH_PATHS = (
					"$(inherited)",
					"@executable_path/Frameworks",
					"@loader_path/Frameworks",
				);
				PRODUCT_BUNDLE_IDENTIFIER = "com.pz.swift.tutorial.iOS-swift-tutorialTests";
				PRODUCT_NAME = "$(TARGET_NAME)";
				SWIFT_VERSION = 5.0;
				TARGETED_DEVICE_FAMILY = "1,2";
				TEST_HOST = "$(BUILT_PRODUCTS_DIR)/iOS-swift-tutorial.app/iOS-swift-tutorial";
			};
			name = Release;
		};
		6628DCE82472F16F006D2602 /* Debug */ = {
			isa = XCBuildConfiguration;
			buildSettings = {
				ALWAYS_EMBED_SWIFT_STANDARD_LIBRARIES = YES;
				CODE_SIGN_STYLE = Automatic;
				INFOPLIST_FILE = "iOS-swift-tutorialUITests/Info.plist";
				LD_RUNPATH_SEARCH_PATHS = (
					"$(inherited)",
					"@executable_path/Frameworks",
					"@loader_path/Frameworks",
				);
				PRODUCT_BUNDLE_IDENTIFIER = "com.pz.swift.tutorial.iOS-swift-tutorialUITests";
				PRODUCT_NAME = "$(TARGET_NAME)";
				SWIFT_VERSION = 5.0;
				TARGETED_DEVICE_FAMILY = "1,2";
				TEST_TARGET_NAME = "iOS-swift-tutorial";
			};
			name = Debug;
		};
		6628DCE92472F16F006D2602 /* Release */ = {
			isa = XCBuildConfiguration;
			buildSettings = {
				ALWAYS_EMBED_SWIFT_STANDARD_LIBRARIES = YES;
				CODE_SIGN_STYLE = Automatic;
				INFOPLIST_FILE = "iOS-swift-tutorialUITests/Info.plist";
				LD_RUNPATH_SEARCH_PATHS = (
					"$(inherited)",
					"@executable_path/Frameworks",
					"@loader_path/Frameworks",
				);
				PRODUCT_BUNDLE_IDENTIFIER = "com.pz.swift.tutorial.iOS-swift-tutorialUITests";
				PRODUCT_NAME = "$(TARGET_NAME)";
				SWIFT_VERSION = 5.0;
				TARGETED_DEVICE_FAMILY = "1,2";
				TEST_TARGET_NAME = "iOS-swift-tutorial";
			};
			name = Release;
		};
/* End XCBuildConfiguration section */

/* Begin XCConfigurationList section */
		6628DCB22472F16D006D2602 /* Build configuration list for PBXProject "iOS-swift-tutorial" */ = {
			isa = XCConfigurationList;
			buildConfigurations = (
				6628DCDF2472F16F006D2602 /* Debug */,
				6628DCE02472F16F006D2602 /* Release */,
			);
			defaultConfigurationIsVisible = 0;
			defaultConfigurationName = Release;
		};
		6628DCE12472F16F006D2602 /* Build configuration list for PBXNativeTarget "iOS-swift-tutorial" */ = {
			isa = XCConfigurationList;
			buildConfigurations = (
				6628DCE22472F16F006D2602 /* Debug */,
				6628DCE32472F16F006D2602 /* Release */,
			);
			defaultConfigurationIsVisible = 0;
			defaultConfigurationName = Release;
		};
		6628DCE42472F16F006D2602 /* Build configuration list for PBXNativeTarget "iOS-swift-tutorialTests" */ = {
			isa = XCConfigurationList;
			buildConfigurations = (
				6628DCE52472F16F006D2602 /* Debug */,
				6628DCE62472F16F006D2602 /* Release */,
			);
			defaultConfigurationIsVisible = 0;
			defaultConfigurationName = Release;
		};
		6628DCE72472F16F006D2602 /* Build configuration list for PBXNativeTarget "iOS-swift-tutorialUITests" */ = {
			isa = XCConfigurationList;
			buildConfigurations = (
				6628DCE82472F16F006D2602 /* Debug */,
				6628DCE92472F16F006D2602 /* Release */,
			);
			defaultConfigurationIsVisible = 0;
			defaultConfigurationName = Release;
		};
/* End XCConfigurationList section */
	};
	rootObject = 6628DCAF2472F16D006D2602 /* Project object */;
}
